{
    "_readme": [
        "This file locks the dependencies of your project to a known state",
        "Read more about it at https://getcomposer.org/doc/01-basic-usage.md#installing-dependencies",
        "This file is @generated automatically"
    ],
    "content-hash": "970855036f4d9a069d5095795233562a",
    "packages": [
        {
            "name": "firebase/php-jwt",
            "version": "v5.2.0",
            "source": {
                "type": "git",
                "url": "https://github.com/firebase/php-jwt.git",
                "reference": "feb0e820b8436873675fd3aca04f3728eb2185cb"
            },
            "dist": {
                "type": "zip",
                "url": "https://api.github.com/repos/firebase/php-jwt/zipball/feb0e820b8436873675fd3aca04f3728eb2185cb",
                "reference": "feb0e820b8436873675fd3aca04f3728eb2185cb",
                "shasum": ""
            },
            "require": {
                "php": ">=5.3.0"
            },
            "require-dev": {
                "phpunit/phpunit": ">=4.8 <=9"
            },
            "type": "library",
            "autoload": {
                "psr-4": {
                    "Firebase\\JWT\\": "src"
                }
            },
            "notification-url": "https://packagist.org/downloads/",
            "license": [
                "BSD-3-Clause"
            ],
            "authors": [
                {
                    "name": "Neuman Vong",
                    "email": "neuman+pear@twilio.com",
                    "role": "Developer"
                },
                {
                    "name": "Anant Narayanan",
                    "email": "anant@php.net",
                    "role": "Developer"
                }
            ],
            "description": "A simple library to encode and decode JSON Web Tokens (JWT) in PHP. Should conform to the current spec.",
            "homepage": "https://github.com/firebase/php-jwt",
            "keywords": [
                "jwt",
                "php"
            ],
            "time": "2020-03-25T18:49:23+00:00"
        },
        {
            "name": "google/auth",
            "version": "v1.11.1",
            "source": {
                "type": "git",
                "url": "https://github.com/googleapis/google-auth-library-php.git",
                "reference": "bb959e91bd8ffbd352ab76cbf11d656ce6435088"
            },
            "dist": {
                "type": "zip",
                "url": "https://api.github.com/repos/googleapis/google-auth-library-php/zipball/bb959e91bd8ffbd352ab76cbf11d656ce6435088",
                "reference": "bb959e91bd8ffbd352ab76cbf11d656ce6435088",
                "shasum": ""
            },
            "require": {
                "firebase/php-jwt": "~2.0|~3.0|~4.0|~5.0",
                "guzzlehttp/guzzle": "^5.3.1|^6.2.1|^7.0",
                "guzzlehttp/psr7": "^1.2",
                "php": ">=5.4",
                "psr/cache": "^1.0",
                "psr/http-message": "^1.0"
            },
            "require-dev": {
                "guzzlehttp/promises": "0.1.1|^1.3",
                "kelvinmo/simplejwt": "^0.2.5",
                "phpseclib/phpseclib": "^2",
                "phpunit/phpunit": "^4.8.36|^5.7",
                "sebastian/comparator": ">=1.2.3",
                "squizlabs/php_codesniffer": "^3.5"
            },
            "suggest": {
                "phpseclib/phpseclib": "May be used in place of OpenSSL for signing strings or for token management. Please require version ^2."
            },
            "type": "library",
            "autoload": {
                "psr-4": {
                    "Google\\Auth\\": "src"
                }
            },
            "notification-url": "https://packagist.org/downloads/",
            "license": [
                "Apache-2.0"
            ],
            "description": "Google Auth Library for PHP",
            "homepage": "http://github.com/google/google-auth-library-php",
            "keywords": [
                "Authentication",
                "google",
                "oauth2"
            ],
            "time": "2020-07-27T18:33:35+00:00"
        },
        {
            "name": "google/cloud-dialogflow",
            "version": "v0.16.0",
            "source": {
                "type": "git",
                "url": "https://github.com/googleapis/google-cloud-php-dialogflow.git",
                "reference": "1afbf3d9a932d2a9b8ef26e9474f8dc4608a719b"
            },
            "dist": {
                "type": "zip",
                "url": "https://api.github.com/repos/googleapis/google-cloud-php-dialogflow/zipball/1afbf3d9a932d2a9b8ef26e9474f8dc4608a719b",
                "reference": "1afbf3d9a932d2a9b8ef26e9474f8dc4608a719b",
                "shasum": ""
            },
            "require": {
                "google/gax": "^1.1"
            },
            "require-dev": {
                "google/cloud-core": "^1.35",
                "phpdocumentor/reflection": "^3.0",
                "phpunit/phpunit": "^4.8|^5.0"
            },
            "suggest": {
                "ext-grpc": "Enables use of gRPC, a universal high-performance RPC framework created by Google."
            },
            "type": "library",
            "extra": {
                "component": {
                    "id": "cloud-dialogflow",
                    "path": "Dialogflow",
                    "entry": null,
                    "target": "googleapis/google-cloud-php-dialogflow.git"
                }
            },
            "autoload": {
                "psr-4": {
                    "Google\\Cloud\\Dialogflow\\": "src",
                    "GPBMetadata\\Google\\Cloud\\Dialogflow\\": "metadata"
                }
            },
            "notification-url": "https://packagist.org/downloads/",
            "license": [
                "Apache-2.0"
            ],
            "description": "Google Cloud Dialogflow Client for PHP",
            "time": "2020-07-21T18:59:47+00:00"
        },
        {
            "name": "google/common-protos",
            "version": "1.3",
            "source": {
                "type": "git",
                "url": "https://github.com/googleapis/common-protos-php.git",
                "reference": "535f489ff1c3433c0ea64cd5aa0560f926949ac5"
            },
            "dist": {
                "type": "zip",
                "url": "https://api.github.com/repos/googleapis/common-protos-php/zipball/535f489ff1c3433c0ea64cd5aa0560f926949ac5",
                "reference": "535f489ff1c3433c0ea64cd5aa0560f926949ac5",
                "shasum": ""
            },
            "require": {
                "google/protobuf": "^3.6.1"
            },
            "require-dev": {
                "phpunit/phpunit": "^4.8.36",
                "sami/sami": "*"
            },
            "type": "library",
            "autoload": {
                "psr-4": {
                    "Google\\": "src",
                    "GPBMetadata\\Google\\": "metadata"
                }
            },
            "notification-url": "https://packagist.org/downloads/",
            "license": [
                "Apache-2.0"
            ],
            "description": "Google API Common Protos for PHP",
            "homepage": "https://github.com/googleapis/common-protos-php",
            "keywords": [
                "google"
            ],
            "time": "2020-08-26T16:05:09+00:00"
        },
        {
            "name": "google/gax",
            "version": "1.3.1",
            "source": {
                "type": "git",
                "url": "https://github.com/googleapis/gax-php.git",
                "reference": "6aea9c90c32aed665d4bbf4b3b681e31ef564811"
            },
            "dist": {
                "type": "zip",
                "url": "https://api.github.com/repos/googleapis/gax-php/zipball/6aea9c90c32aed665d4bbf4b3b681e31ef564811",
                "reference": "6aea9c90c32aed665d4bbf4b3b681e31ef564811",
                "shasum": ""
            },
            "require": {
                "google/auth": "^1.2.0",
                "google/common-protos": "^1.0",
                "google/grpc-gcp": "^0.1.0",
                "google/protobuf": "^3.7.1",
                "grpc/grpc": "^1.13",
                "guzzlehttp/promises": "^1.3",
                "guzzlehttp/psr7": "^1.2",
                "php": ">=5.5"
            },
            "conflict": {
                "ext-protobuf": "<3.7.0"
            },
            "require-dev": {
                "phpunit/phpunit": "^4.8.36",
                "sami/sami": "*",
                "squizlabs/php_codesniffer": "3.*"
            },
            "type": "library",
            "autoload": {
                "psr-4": {
                    "Google\\ApiCore\\": "src",
                    "GPBMetadata\\Google\\": "metadata"
                }
            },
            "notification-url": "https://packagist.org/downloads/",
            "license": [
                "BSD-3-Clause"
            ],
            "description": "Google API Core for PHP",
            "homepage": "https://github.com/googleapis/gax-php",
            "keywords": [
                "google"
            ],
            "time": "2020-06-08T19:53:28+00:00"
        },
        {
            "name": "google/grpc-gcp",
            "version": "0.1.5",
            "source": {
                "type": "git",
                "url": "https://github.com/GoogleCloudPlatform/grpc-gcp-php.git",
                "reference": "bb9bdbf62f6ae4e73d5209d85b1d0a0b9855ff36"
            },
            "dist": {
                "type": "zip",
                "url": "https://api.github.com/repos/GoogleCloudPlatform/grpc-gcp-php/zipball/bb9bdbf62f6ae4e73d5209d85b1d0a0b9855ff36",
                "reference": "bb9bdbf62f6ae4e73d5209d85b1d0a0b9855ff36",
                "shasum": ""
            },
            "require": {
                "google/auth": "^1.3",
                "google/protobuf": "^v3.3.0",
                "grpc/grpc": "^v1.13.0",
                "php": ">=5.5.0",
                "psr/cache": "^1.0.1"
            },
            "require-dev": {
                "google/cloud-spanner": "^1.7",
                "phpunit/phpunit": "4.8.36"
            },
            "type": "library",
            "autoload": {
                "psr-4": {
                    "Grpc\\Gcp\\": "src/"
                },
                "classmap": [
                    "src/generated/"
                ]
            },
            "notification-url": "https://packagist.org/downloads/",
            "license": [
                "Apache-2.0"
            ],
            "description": "gRPC GCP library for channel management",
            "time": "2020-05-26T17:21:09+00:00"
        },
        {
            "name": "google/protobuf",
            "version": "v3.13.0",
            "source": {
                "type": "git",
                "url": "https://github.com/protocolbuffers/protobuf-php.git",
                "reference": "fddc6c2439b190284f207143f6d37bf5b651cea6"
            },
            "dist": {
                "type": "zip",
                "url": "https://api.github.com/repos/protocolbuffers/protobuf-php/zipball/fddc6c2439b190284f207143f6d37bf5b651cea6",
                "reference": "fddc6c2439b190284f207143f6d37bf5b651cea6",
                "shasum": ""
            },
            "require": {
                "php": ">=5.5.0"
            },
            "require-dev": {
                "phpunit/phpunit": ">=4.8.0"
            },
            "suggest": {
                "ext-bcmath": "Need to support JSON deserialization"
            },
            "type": "library",
            "autoload": {
                "psr-4": {
                    "Google\\Protobuf\\": "src/Google/Protobuf",
                    "GPBMetadata\\Google\\Protobuf\\": "src/GPBMetadata/Google/Protobuf"
                }
            },
            "notification-url": "https://packagist.org/downloads/",
            "license": [
                "BSD-3-Clause"
            ],
            "description": "proto library for PHP",
            "homepage": "https://developers.google.com/protocol-buffers/",
            "keywords": [
                "proto"
            ],
            "time": "2020-08-15T00:44:58+00:00"
        },
        {
            "name": "grpc/grpc",
            "version": "1.30.0",
            "source": {
                "type": "git",
                "url": "https://github.com/grpc/grpc-php.git",
                "reference": "31952d18884d91c674b73f8b4da831f708706f20"
            },
            "dist": {
                "type": "zip",
                "url": "https://api.github.com/repos/grpc/grpc-php/zipball/31952d18884d91c674b73f8b4da831f708706f20",
                "reference": "31952d18884d91c674b73f8b4da831f708706f20",
                "shasum": ""
            },
            "require": {
                "php": ">=5.5.0"
            },
            "require-dev": {
                "google/auth": "^v1.3.0"
            },
            "suggest": {
                "ext-protobuf": "For better performance, install the protobuf C extension.",
                "google/protobuf": "To get started using grpc quickly, install the native protobuf library."
            },
            "type": "library",
            "autoload": {
                "psr-4": {
                    "Grpc\\": "src/lib/"
                }
            },
            "notification-url": "https://packagist.org/downloads/",
            "license": [
                "Apache-2.0"
            ],
            "description": "gRPC library for PHP",
            "homepage": "https://grpc.io",
            "keywords": [
                "rpc"
            ],
            "time": "2020-06-23T01:49:02+00:00"
        },
        {
            "name": "guzzlehttp/guzzle",
            "version": "7.7.0",
            "source": {
                "type": "git",
                "url": "https://github.com/guzzle/guzzle.git",
                "reference": "fb7566caccf22d74d1ab270de3551f72a58399f5"
            },
            "dist": {
                "type": "zip",
                "url": "https://api.github.com/repos/guzzle/guzzle/zipball/fb7566caccf22d74d1ab270de3551f72a58399f5",
                "reference": "fb7566caccf22d74d1ab270de3551f72a58399f5",
                "shasum": ""
            },
            "require": {
                "ext-json": "*",
                "guzzlehttp/promises": "^1.5.3 || ^2.0",
                "guzzlehttp/psr7": "^1.9.1 || ^2.4.5",
                "php": "^7.2.5 || ^8.0",
                "psr/http-client": "^1.0",
                "symfony/deprecation-contracts": "^2.2 || ^3.0"
            },
            "provide": {
                "psr/http-client-implementation": "1.0"
            },
            "require-dev": {
                "bamarni/composer-bin-plugin": "^1.8.1",
                "ext-curl": "*",
                "php-http/client-integration-tests": "dev-master#2c025848417c1135031fdf9c728ee53d0a7ceaee as 3.0.999",
                "php-http/message-factory": "^1.1",
                "phpunit/phpunit": "^8.5.29 || ^9.5.23",
                "psr/log": "^1.1 || ^2.0 || ^3.0"
            },
            "suggest": {
                "ext-curl": "Required for CURL handler support",
                "ext-intl": "Required for Internationalized Domain Name (IDN) support",
                "psr/log": "Required for using the Log middleware"
            },
            "type": "library",
            "extra": {
                "bamarni-bin": {
                    "bin-links": true,
                    "forward-command": false
                }
            },
            "autoload": {
                "files": [
                    "src/functions_include.php"
                ],
                "psr-4": {
                    "GuzzleHttp\\": "src/"
                }
            },
            "notification-url": "https://packagist.org/downloads/",
            "license": [
                "MIT"
            ],
            "authors": [
                {
                    "name": "Graham Campbell",
                    "email": "hello@gjcampbell.co.uk",
                    "homepage": "https://github.com/GrahamCampbell"
                },
                {
                    "name": "Michael Dowling",
                    "email": "mtdowling@gmail.com",
                    "homepage": "https://github.com/mtdowling"
                },
                {
                    "name": "Jeremy Lindblom",
                    "email": "jeremeamia@gmail.com",
                    "homepage": "https://github.com/jeremeamia"
                },
                {
                    "name": "George Mponos",
                    "email": "gmponos@gmail.com",
                    "homepage": "https://github.com/gmponos"
                },
                {
                    "name": "Tobias Nyholm",
                    "email": "tobias.nyholm@gmail.com",
                    "homepage": "https://github.com/Nyholm"
                },
                {
                    "name": "Márk Sági-Kazár",
                    "email": "mark.sagikazar@gmail.com",
                    "homepage": "https://github.com/sagikazarmark"
                },
                {
                    "name": "Tobias Schultze",
                    "email": "webmaster@tubo-world.de",
                    "homepage": "https://github.com/Tobion"
                }
            ],
            "description": "Guzzle is a PHP HTTP client library",
            "keywords": [
                "client",
                "curl",
                "framework",
                "http",
                "http client",
                "psr-18",
                "psr-7",
                "rest",
                "web service"
            ],
            "funding": [
                {
                    "url": "https://github.com/GrahamCampbell",
                    "type": "github"
                },
                {
                    "url": "https://github.com/Nyholm",
                    "type": "github"
                },
                {
                    "url": "https://tidelift.com/funding/github/packagist/guzzlehttp/guzzle",
                    "type": "tidelift"
                }
            ],
            "time": "2023-05-21T14:04:53+00:00"
        },
        {
            "name": "guzzlehttp/promises",
            "version": "1.5.3",
            "source": {
                "type": "git",
                "url": "https://github.com/guzzle/promises.git",
                "reference": "67ab6e18aaa14d753cc148911d273f6e6cb6721e"
            },
            "dist": {
                "type": "zip",
                "url": "https://api.github.com/repos/guzzle/promises/zipball/67ab6e18aaa14d753cc148911d273f6e6cb6721e",
                "reference": "67ab6e18aaa14d753cc148911d273f6e6cb6721e",
                "shasum": ""
            },
            "require": {
                "php": ">=5.5"
            },
            "require-dev": {
                "symfony/phpunit-bridge": "^4.4 || ^5.1"
            },
            "type": "library",
            "autoload": {
                "files": [
                    "src/functions_include.php"
                ],
                "psr-4": {
                    "GuzzleHttp\\Promise\\": "src/"
                }
            },
            "notification-url": "https://packagist.org/downloads/",
            "license": [
                "MIT"
            ],
            "authors": [
                {
                    "name": "Graham Campbell",
                    "email": "hello@gjcampbell.co.uk",
                    "homepage": "https://github.com/GrahamCampbell"
                },
                {
                    "name": "Michael Dowling",
                    "email": "mtdowling@gmail.com",
                    "homepage": "https://github.com/mtdowling"
                },
                {
                    "name": "Tobias Nyholm",
                    "email": "tobias.nyholm@gmail.com",
                    "homepage": "https://github.com/Nyholm"
                },
                {
                    "name": "Tobias Schultze",
                    "email": "webmaster@tubo-world.de",
                    "homepage": "https://github.com/Tobion"
                }
            ],
            "description": "Guzzle promises library",
            "keywords": [
                "promise"
            ],
            "funding": [
                {
                    "url": "https://github.com/GrahamCampbell",
                    "type": "github"
                },
                {
                    "url": "https://github.com/Nyholm",
                    "type": "github"
                },
                {
                    "url": "https://tidelift.com/funding/github/packagist/guzzlehttp/promises",
                    "type": "tidelift"
                }
            ],
            "time": "2023-05-21T12:31:43+00:00"
        },
        {
            "name": "guzzlehttp/psr7",
            "version": "1.9.1",
            "source": {
                "type": "git",
                "url": "https://github.com/guzzle/psr7.git",
                "reference": "e4490cabc77465aaee90b20cfc9a770f8c04be6b"
            },
            "dist": {
                "type": "zip",
                "url": "https://api.github.com/repos/guzzle/psr7/zipball/e4490cabc77465aaee90b20cfc9a770f8c04be6b",
                "reference": "e4490cabc77465aaee90b20cfc9a770f8c04be6b",
                "shasum": ""
            },
            "require": {
                "php": ">=5.4.0",
                "psr/http-message": "~1.0",
                "ralouphie/getallheaders": "^2.0.5 || ^3.0.0"
            },
            "provide": {
                "psr/http-message-implementation": "1.0"
            },
            "require-dev": {
                "ext-zlib": "*",
                "phpunit/phpunit": "~4.8.36 || ^5.7.27 || ^6.5.14 || ^7.5.20 || ^8.5.8 || ^9.3.10"
            },
            "suggest": {
                "laminas/laminas-httphandlerrunner": "Emit PSR-7 responses"
            },
            "type": "library",
            "autoload": {
                "files": [
                    "src/functions_include.php"
                ],
                "psr-4": {
                    "GuzzleHttp\\Psr7\\": "src/"
                }
            },
            "notification-url": "https://packagist.org/downloads/",
            "license": [
                "MIT"
            ],
            "authors": [
                {
                    "name": "Graham Campbell",
                    "email": "hello@gjcampbell.co.uk",
                    "homepage": "https://github.com/GrahamCampbell"
                },
                {
                    "name": "Michael Dowling",
                    "email": "mtdowling@gmail.com",
                    "homepage": "https://github.com/mtdowling"
                },
                {
                    "name": "George Mponos",
                    "email": "gmponos@gmail.com",
                    "homepage": "https://github.com/gmponos"
                },
                {
                    "name": "Tobias Nyholm",
                    "email": "tobias.nyholm@gmail.com",
                    "homepage": "https://github.com/Nyholm"
                },
                {
                    "name": "Márk Sági-Kazár",
                    "email": "mark.sagikazar@gmail.com",
                    "homepage": "https://github.com/sagikazarmark"
                },
                {
                    "name": "Tobias Schultze",
                    "email": "webmaster@tubo-world.de",
                    "homepage": "https://github.com/Tobion"
                }
            ],
            "description": "PSR-7 message implementation that also provides common utility methods",
            "keywords": [
                "http",
                "message",
                "psr-7",
                "request",
                "response",
                "stream",
                "uri",
                "url"
            ],
            "funding": [
                {
                    "url": "https://github.com/GrahamCampbell",
                    "type": "github"
                },
                {
                    "url": "https://github.com/Nyholm",
                    "type": "github"
                },
                {
                    "url": "https://tidelift.com/funding/github/packagist/guzzlehttp/psr7",
                    "type": "tidelift"
                }
            ],
            "time": "2023-04-17T16:00:37+00:00"
        },
        {
            "name": "psr/cache",
            "version": "1.0.1",
            "source": {
                "type": "git",
                "url": "https://github.com/php-fig/cache.git",
                "reference": "d11b50ad223250cf17b86e38383413f5a6764bf8"
            },
            "dist": {
                "type": "zip",
                "url": "https://api.github.com/repos/php-fig/cache/zipball/d11b50ad223250cf17b86e38383413f5a6764bf8",
                "reference": "d11b50ad223250cf17b86e38383413f5a6764bf8",
                "shasum": ""
            },
            "require": {
                "php": ">=5.3.0"
            },
            "type": "library",
            "extra": {
                "branch-alias": {
                    "dev-master": "1.0.x-dev"
                }
            },
            "autoload": {
                "psr-4": {
                    "Psr\\Cache\\": "src/"
                }
            },
            "notification-url": "https://packagist.org/downloads/",
            "license": [
                "MIT"
            ],
            "authors": [
                {
                    "name": "PHP-FIG",
                    "homepage": "http://www.php-fig.org/"
                }
            ],
            "description": "Common interface for caching libraries",
            "keywords": [
                "cache",
                "psr",
                "psr-6"
            ],
            "time": "2016-08-06T20:24:11+00:00"
        },
        {
            "name": "psr/http-client",
            "version": "1.0.2",
            "source": {
                "type": "git",
                "url": "https://github.com/php-fig/http-client.git",
                "reference": "0955afe48220520692d2d09f7ab7e0f93ffd6a31"
            },
            "dist": {
                "type": "zip",
                "url": "https://api.github.com/repos/php-fig/http-client/zipball/0955afe48220520692d2d09f7ab7e0f93ffd6a31",
                "reference": "0955afe48220520692d2d09f7ab7e0f93ffd6a31",
                "shasum": ""
            },
            "require": {
                "php": "^7.0 || ^8.0",
                "psr/http-message": "^1.0 || ^2.0"
            },
            "type": "library",
            "extra": {
                "branch-alias": {
                    "dev-master": "1.0.x-dev"
                }
            },
            "autoload": {
                "psr-4": {
                    "Psr\\Http\\Client\\": "src/"
                }
            },
            "notification-url": "https://packagist.org/downloads/",
            "license": [
                "MIT"
            ],
            "authors": [
                {
                    "name": "PHP-FIG",
                    "homepage": "https://www.php-fig.org/"
                }
            ],
            "description": "Common interface for HTTP clients",
            "homepage": "https://github.com/php-fig/http-client",
            "keywords": [
                "http",
                "http-client",
                "psr",
                "psr-18"
            ],
            "time": "2023-04-10T20:12:12+00:00"
        },
        {
            "name": "psr/http-message",
            "version": "1.1",
            "source": {
                "type": "git",
                "url": "https://github.com/php-fig/http-message.git",
                "reference": "cb6ce4845ce34a8ad9e68117c10ee90a29919eba"
            },
            "dist": {
                "type": "zip",
                "url": "https://api.github.com/repos/php-fig/http-message/zipball/cb6ce4845ce34a8ad9e68117c10ee90a29919eba",
                "reference": "cb6ce4845ce34a8ad9e68117c10ee90a29919eba",
                "shasum": ""
            },
            "require": {
                "php": "^7.2 || ^8.0"
            },
            "type": "library",
            "extra": {
                "branch-alias": {
                    "dev-master": "1.1.x-dev"
                }
            },
            "autoload": {
                "psr-4": {
                    "Psr\\Http\\Message\\": "src/"
                }
            },
            "notification-url": "https://packagist.org/downloads/",
            "license": [
                "MIT"
            ],
            "authors": [
                {
                    "name": "PHP-FIG",
                    "homepage": "http://www.php-fig.org/"
                }
            ],
            "description": "Common interface for HTTP messages",
            "homepage": "https://github.com/php-fig/http-message",
            "keywords": [
                "http",
                "http-message",
                "psr",
                "psr-7",
                "request",
                "response"
            ],
            "time": "2023-04-04T09:50:52+00:00"
        },
        {
            "name": "ralouphie/getallheaders",
            "version": "3.0.3",
            "source": {
                "type": "git",
                "url": "https://github.com/ralouphie/getallheaders.git",
                "reference": "120b605dfeb996808c31b6477290a714d356e822"
            },
            "dist": {
                "type": "zip",
                "url": "https://api.github.com/repos/ralouphie/getallheaders/zipball/120b605dfeb996808c31b6477290a714d356e822",
                "reference": "120b605dfeb996808c31b6477290a714d356e822",
                "shasum": ""
            },
            "require": {
                "php": ">=5.6"
            },
            "require-dev": {
                "php-coveralls/php-coveralls": "^2.1",
                "phpunit/phpunit": "^5 || ^6.5"
            },
            "type": "library",
            "autoload": {
                "files": [
                    "src/getallheaders.php"
                ]
            },
            "notification-url": "https://packagist.org/downloads/",
            "license": [
                "MIT"
            ],
            "authors": [
                {
                    "name": "Ralph Khattar",
                    "email": "ralph.khattar@gmail.com"
                }
            ],
            "description": "A polyfill for getallheaders.",
            "time": "2019-03-08T08:55:37+00:00"
        },
        {
            "name": "symfony/deprecation-contracts",
            "version": "v2.5.2",
            "source": {
                "type": "git",
                "url": "https://github.com/symfony/deprecation-contracts.git",
                "reference": "e8b495ea28c1d97b5e0c121748d6f9b53d075c66"
            },
            "dist": {
                "type": "zip",
                "url": "https://api.github.com/repos/symfony/deprecation-contracts/zipball/e8b495ea28c1d97b5e0c121748d6f9b53d075c66",
                "reference": "e8b495ea28c1d97b5e0c121748d6f9b53d075c66",
                "shasum": ""
            },
            "require": {
                "php": ">=7.1"
            },
            "type": "library",
            "extra": {
                "branch-alias": {
                    "dev-main": "2.5-dev"
                },
                "thanks": {
                    "name": "symfony/contracts",
                    "url": "https://github.com/symfony/contracts"
                }
            },
            "autoload": {
                "files": [
                    "function.php"
                ]
            },
            "notification-url": "https://packagist.org/downloads/",
            "license": [
                "MIT"
            ],
            "authors": [
                {
                    "name": "Nicolas Grekas",
                    "email": "p@tchwork.com"
                },
                {
                    "name": "Symfony Community",
                    "homepage": "https://symfony.com/contributors"
                }
            ],
            "description": "A generic function and convention to trigger deprecation notices",
            "homepage": "https://symfony.com",
            "funding": [
                {
                    "url": "https://symfony.com/sponsor",
                    "type": "custom"
                },
                {
                    "url": "https://github.com/fabpot",
                    "type": "github"
                },
                {
                    "url": "https://tidelift.com/funding/github/packagist/symfony/symfony",
                    "type": "tidelift"
                }
            ],
            "time": "2022-01-02T09:53:40+00:00"
        }
    ],
    "packages-dev": [],
    "aliases": [],
    "minimum-stability": "stable",
    "stability-flags": [],
    "prefer-stable": false,
    "prefer-lowest": false,
    "platform": [],
    "platform-dev": [],
    "plugin-api-version": "1.1.0"
}
